// !$*UTF8*$!
{
	archiveVersion = 1;
	classes = {
	};
	objectVersion = 50;
	objects = {

/* Begin PBXBuildFile section */
		FEE58D67233E541E000775DC /* AppDelegate.swift in Sources */ = {isa = PBXBuildFile; fileRef = FEE58D66233E541E000775DC /* AppDelegate.swift */; };
		FEE58D69233E541E000775DC /* SceneDelegate.swift in Sources */ = {isa = PBXBuildFile; fileRef = FEE58D68233E541E000775DC /* SceneDelegate.swift */; };
		FEE58D6B233E541E000775DC /* ListTableViewController.swift in Sources */ = {isa = PBXBuildFile; fileRef = FEE58D6A233E541E000775DC /* ListTableViewController.swift */; };
		FEE58D6E233E541E000775DC /* Main.storyboard in Resources */ = {isa = PBXBuildFile; fileRef = FEE58D6C233E541E000775DC /* Main.storyboard */; };
		FEE58D70233E541F000775DC /* Assets.xcassets in Resources */ = {isa = PBXBuildFile; fileRef = FEE58D6F233E541F000775DC /* Assets.xcassets */; };
		FEE58D73233E541F000775DC /* LaunchScreen.storyboard in Resources */ = {isa = PBXBuildFile; fileRef = FEE58D71233E541F000775DC /* LaunchScreen.storyboard */; };
		FEE58D7C233E5CDF000775DC /* ParallaxCell.swift in Sources */ = {isa = PBXBuildFile; fileRef = FEE58D7B233E5CDF000775DC /* ParallaxCell.swift */; };
		FEE58D7E233E651F000775DC /* images+Names.swift in Sources */ = {isa = PBXBuildFile; fileRef = FEE58D7D233E651F000775DC /* images+Names.swift */; };
/* End PBXBuildFile section */

/* Begin PBXFileReference section */
		FEE58D63233E541E000775DC /* accelerometron.app */ = {isa = PBXFileReference; explicitFileType = wrapper.application; includeInIndex = 0; path = accelerometron.app; sourceTree = BUILT_PRODUCTS_DIR; };
		FEE58D66233E541E000775DC /* AppDelegate.swift */ = {isa = PBXFileReference; lastKnownFileType = sourcecode.swift; path = AppDelegate.swift; sourceTree = "<group>"; };
		FEE58D68233E541E000775DC /* SceneDelegate.swift */ = {isa = PBXFileReference; lastKnownFileType = sourcecode.swift; path = SceneDelegate.swift; sourceTree = "<group>"; };
		FEE58D6A233E541E000775DC /* ListTableViewController.swift */ = {isa = PBXFileReference; lastKnownFileType = sourcecode.swift; path = ListTableViewController.swift; sourceTree = "<group>"; };
		FEE58D6D233E541E000775DC /* Base */ = {isa = PBXFileReference; lastKnownFileType = file.storyboard; name = Base; path = Base.lproj/Main.storyboard; sourceTree = "<group>"; };
		FEE58D6F233E541F000775DC /* Assets.xcassets */ = {isa = PBXFileReference; lastKnownFileType = folder.assetcatalog; path = Assets.xcassets; sourceTree = "<group>"; };
		FEE58D72233E541F000775DC /* Base */ = {isa = PBXFileReference; lastKnownFileType = file.storyboard; name = Base; path = Base.lproj/LaunchScreen.storyboard; sourceTree = "<group>"; };
		FEE58D74233E541F000775DC /* Info.plist */ = {isa = PBXFileReference; lastKnownFileType = text.plist.xml; path = Info.plist; sourceTree = "<group>"; };
		FEE58D7B233E5CDF000775DC /* ParallaxCell.swift */ = {isa = PBXFileReference; lastKnownFileType = sourcecode.swift; path = ParallaxCell.swift; sourceTree = "<group>"; };
		FEE58D7D233E651F000775DC /* images+Names.swift */ = {isa = PBXFileReference; lastKnownFileType = sourcecode.swift; path = "images+Names.swift"; sourceTree = "<group>"; };
/* End PBXFileReference section */

/* Begin PBXFrameworksBuildPhase section */
		FEE58D60233E541E000775DC /* Frameworks */ = {
			isa = PBXFrameworksBuildPhase;
			buildActionMask = 2147483647;
			files = (
			);
			runOnlyForDeploymentPostprocessing = 0;
		};
/* End PBXFrameworksBuildPhase section */

/* Begin PBXGroup section */
		FE23E548233E75EC004BAD69 /* Controller */ = {
			isa = PBXGroup;
			children = (
				FEE58D6A233E541E000775DC /* ListTableViewController.swift */,
			);
			path = Controller;
			sourceTree = "<group>";
		};
		FEE58D5A233E541E000775DC = {
			isa = PBXGroup;
			children = (
				FEE58D65233E541E000775DC /* accelerometron */,
				FEE58D64233E541E000775DC /* Products */,
			);
			sourceTree = "<group>";
		};
		FEE58D64233E541E000775DC /* Products */ = {
			isa = PBXGroup;
			children = (
				FEE58D63233E541E000775DC /* accelerometron.app */,
			);
			name = Products;
			sourceTree = "<group>";
		};
		FEE58D65233E541E000775DC /* accelerometron */ = {
			isa = PBXGroup;
			children = (
				FE23E548233E75EC004BAD69 /* Controller */,
				FEE58D7A233E5CA9000775DC /* View */,
				FEE58D66233E541E000775DC /* AppDelegate.swift */,
				FEE58D68233E541E000775DC /* SceneDelegate.swift */,
				FEE58D6C233E541E000775DC /* Main.storyboard */,
				FEE58D6F233E541F000775DC /* Assets.xcassets */,
				FEE58D71233E541F000775DC /* LaunchScreen.storyboard */,
				FEE58D74233E541F000775DC /* Info.plist */,
				FEE58D7D233E651F000775DC /* images+Names.swift */,
			);
			path = accelerometron;
			sourceTree = "<group>";
		};
		FEE58D7A233E5CA9000775DC /* View */ = {
			isa = PBXGroup;
			children = (
				FEE58D7B233E5CDF000775DC /* ParallaxCell.swift */,
			);
			path = View;
			sourceTree = "<group>";
		};
/* End PBXGroup section */

/* Begin PBXNativeTarget section */
		FEE58D62233E541E000775DC /* accelerometron */ = {
			isa = PBXNativeTarget;
			buildConfigurationList = FEE58D77233E541F000775DC /* Build configuration list for PBXNativeTarget "accelerometron" */;
			buildPhases = (
				FEE58D5F233E541E000775DC /* Sources */,
				FEE58D60233E541E000775DC /* Frameworks */,
				FEE58D61233E541E000775DC /* Resources */,
			);
			buildRules = (
			);
			dependencies = (
			);
			name = accelerometron;
			productName = accelerometron;
			productReference = FEE58D63233E541E000775DC /* accelerometron.app */;
			productType = "com.apple.product-type.application";
		};
/* End PBXNativeTarget section */

/* Begin PBXProject section */
		FEE58D5B233E541E000775DC /* Project object */ = {
			isa = PBXProject;
			attributes = {
				LastSwiftUpdateCheck = 1100;
				LastUpgradeCheck = 1100;
				ORGANIZATIONNAME = cinderella;
				TargetAttributes = {
					FEE58D62233E541E000775DC = {
						CreatedOnToolsVersion = 11.0;
					};
				};
			};
			buildConfigurationList = FEE58D5E233E541E000775DC /* Build configuration list for PBXProject "accelerometron" */;
			compatibilityVersion = "Xcode 9.3";
			developmentRegion = en;
			hasScannedForEncodings = 0;
			knownRegions = (
				en,
				Base,
			);
			mainGroup = FEE58D5A233E541E000775DC;
			productRefGroup = FEE58D64233E541E000775DC /* Products */;
			projectDirPath = "";
			projectRoot = "";
			targets = (
				FEE58D62233E541E000775DC /* accelerometron */,
			);
		};
/* End PBXProject section */

/* Begin PBXResourcesBuildPhase section */
		FEE58D61233E541E000775DC /* Resources */ = {
			isa = PBXResourcesBuildPhase;
			buildActionMask = 2147483647;
			files = (
				FEE58D73233E541F000775DC /* LaunchScreen.storyboard in Resources */,
				FEE58D70233E541F000775DC /* Assets.xcassets in Resources */,
				FEE58D6E233E541E000775DC /* Main.storyboard in Resources */,
			);
			runOnlyForDeploymentPostprocessing = 0;
		};
/* End PBXResourcesBuildPhase section */

/* Begin PBXSourcesBuildPhase section */
		FEE58D5F233E541E000775DC /* Sources */ = {
			isa = PBXSourcesBuildPhase;
			buildActionMask = 2147483647;
			files = (
				FEE58D6B233E541E000775DC /* ListTableViewController.swift in Sources */,
				FEE58D67233E541E000775DC /* AppDelegate.swift in Sources */,
				FEE58D7C233E5CDF000775DC /* ParallaxCell.swift in Sources */,
				FEE58D7E233E651F000775DC /* images+Names.swift in Sources */,
				FEE58D69233E541E000775DC /* SceneDelegate.swift in Sources */,
			);
			runOnlyForDeploymentPostprocessing = 0;
		};
/* End PBXSourcesBuildPhase section */

/* Begin PBXVariantGroup section */
		FEE58D6C233E541E000775DC /* Main.storyboard */ = {
			isa = PBXVariantGroup;
			children = (
				FEE58D6D233E541E000775DC /* Base */,
			);
			name = Main.storyboard;
			sourceTree = "<group>";
		};
		FEE58D71233E541F000775DC /* LaunchScreen.storyboard */ = {
			isa = PBXVariantGroup;
			children = (
				FEE58D72233E541F000775DC /* Base */,
			);
			name = LaunchScreen.storyboard;
			sourceTree = "<group>";
		};
/* End PBXVariantGroup section */

/* Begin XCBuildConfiguration section */
		FEE58D75233E541F000775DC /* Debug */ = {
			isa = XCBuildConfiguration;
			buildSettings = {
				ALWAYS_SEARCH_USER_PATHS = NO;
				CLANG_ANALYZER_NONNULL = YES;
				CLANG_ANALYZER_NUMBER_OBJECT_CONVERSION = YES_AGGRESSIVE;
				CLANG_CXX_LANGUAGE_STANDARD = "gnu++14";
				CLANG_CXX_LIBRARY = "libc++";
				CLANG_ENABLE_MODULES = YES;
				CLANG_ENABLE_OBJC_ARC = YES;
				CLANG_ENABLE_OBJC_WEAK = YES;
				CLANG_WARN_BLOCK_CAPTURE_AUTORELEASING = YES;
				CLANG_WARN_BOOL_CONVERSION = YES;
				CLANG_WARN_COMMA = YES;
				CLANG_WARN_CONSTANT_CONVERSION = YES;
				CLANG_WARN_DEPRECATED_OBJC_IMPLEMENTATIONS = YES;
				CLANG_WARN_DIRECT_OBJC_ISA_USAGE = YES_ERROR;
				CLANG_WARN_DOCUMENTATION_COMMENTS = YES;
				CLANG_WARN_EMPTY_BODY = YES;
				CLANG_WARN_ENUM_CONVERSION = YES;
				CLANG_WARN_INFINITE_RECURSION = YES;
				CLANG_WARN_INT_CONVERSION = YES;
				CLANG_WARN_NON_LITERAL_NULL_CONVERSION = YES;
				CLANG_WARN_OBJC_IMPLICIT_RETAIN_SELF = YES;
				CLANG_WARN_OBJC_LITERAL_CONVERSION = YES;
				CLANG_WARN_OBJC_ROOT_CLASS = YES_ERROR;
				CLANG_WARN_RANGE_LOOP_ANALYSIS = YES;
				CLANG_WARN_STRICT_PROTOTYPES = YES;
				CLANG_WARN_SUSPICIOUS_MOVE = YES;
				CLANG_WARN_UNGUARDED_AVAILABILITY = YES_AGGRESSIVE;
				CLANG_WARN_UNREACHABLE_CODE = YES;
				CLANG_WARN__DUPLICATE_METHOD_MATCH = YES;
				COPY_PHASE_STRIP = NO;
				DEBUG_INFORMATION_FORMAT = dwarf;
				ENABLE_STRICT_OBJC_MSGSEND = YES;
				ENABLE_TESTABILITY = YES;
				GCC_C_LANGUAGE_STANDARD = gnu11;
				GCC_DYNAMIC_NO_PIC = NO;
				GCC_NO_COMMON_BLOCKS = YES;
				GCC_OPTIMIZATION_LEVEL = 0;
				GCC_PREPROCESSOR_DEFINITIONS = (
					"DEBUG=1",
					"$(inherited)",
				);
				GCC_WARN_64_TO_32_BIT_CONVERSION = YES;
				GCC_WARN_ABOUT_RETURN_TYPE = YES_ERROR;
				GCC_WARN_UNDECLARED_SELECTOR = YES;
				GCC_WARN_UNINITIALIZED_AUTOS = YES_AGGRESSIVE;
				GCC_WARN_UNUSED_FUNCTION = YES;
				GCC_WARN_UNUSED_VARIABLE = YES;
				IPHONEOS_DEPLOYMENT_TARGET = 13.0;
				MTL_ENABLE_DEBUG_INFO = INCLUDE_SOURCE;
				MTL_FAST_MATH = YES;
				ONLY_ACTIVE_ARCH = YES;
				SDKROOT = iphoneos;
				SWIFT_ACTIVE_COMPILATION_CONDITIONS = DEBUG;
				SWIFT_OPTIMIZATION_LEVEL = "-Onone";
			};
			name = Debug;
		};
		FEE58D76233E541F000775DC /* Release */ = {
			isa = XCBuildConfiguration;
			buildSettings = {
				ALWAYS_SEARCH_USER_PATHS = NO;
				CLANG_ANALYZER_NONNULL = YES;
				CLANG_ANALYZER_NUMBER_OBJECT_CONVERSION = YES_AGGRESSIVE;
				CLANG_CXX_LANGUAGE_STANDARD = "gnu++14";
				CLANG_CXX_LIBRARY = "libc++";
				CLANG_ENABLE_MODULES = YES;
				CLANG_ENABLE_OBJC_ARC = YES;
				CLANG_ENABLE_OBJC_WEAK = YES;
				CLANG_WARN_BLOCK_CAPTURE_AUTORELEASING = YES;
				CLANG_WARN_BOOL_CONVERSION = YES;
				CLANG_WARN_COMMA = YES;
				CLANG_WARN_CONSTANT_CONVERSION = YES;
				CLANG_WARN_DEPRECATED_OBJC_IMPLEMENTATIONS = YES;
				CLANG_WARN_DIRECT_OBJC_ISA_USAGE = YES_ERROR;
				CLANG_WARN_DOCUMENTATION_COMMENTS = YES;
				CLANG_WARN_EMPTY_BODY = YES;
				CLANG_WARN_ENUM_CONVERSION = YES;
				CLANG_WARN_INFINITE_RECURSION = YES;
				CLANG_WARN_INT_CONVERSION = YES;
				CLANG_WARN_NON_LITERAL_NULL_CONVERSION = YES;
				CLANG_WARN_OBJC_IMPLICIT_RETAIN_SELF = YES;
				CLANG_WARN_OBJC_LITERAL_CONVERSION = YES;
				CLANG_WARN_OBJC_ROOT_CLASS = YES_ERROR;
				CLANG_WARN_RANGE_LOOP_ANALYSIS = YES;
				CLANG_WARN_STRICT_PROTOTYPES = YES;
				CLANG_WARN_SUSPICIOUS_MOVE = YES;
				CLANG_WARN_UNGUARDED_AVAILABILITY = YES_AGGRESSIVE;
				CLANG_WARN_UNREACHABLE_CODE = YES;
				CLANG_WARN__DUPLICATE_METHOD_MATCH = YES;
				COPY_PHASE_STRIP = NO;
				DEBUG_INFORMATION_FORMAT = "dwarf-with-dsym";
				ENABLE_NS_ASSERTIONS = NO;
				ENABLE_STRICT_OBJC_MSGSEND = YES;
				GCC_C_LANGUAGE_STANDARD = gnu11;
				GCC_NO_COMMON_BLOCKS = YES;
				GCC_WARN_64_TO_32_BIT_CONVERSION = YES;
				GCC_WARN_ABOUT_RETURN_TYPE = YES_ERROR;
				GCC_WARN_UNDECLARED_SELECTOR = YES;
				GCC_WARN_UNINITIALIZED_AUTOS = YES_AGGRESSIVE;
				GCC_WARN_UNUSED_FUNCTION = YES;
				GCC_WARN_UNUSED_VARIABLE = YES;
				IPHONEOS_DEPLOYMENT_TARGET = 13.0;
				MTL_ENABLE_DEBUG_INFO = NO;
				MTL_FAST_MATH = YES;
				SDKROOT = iphoneos;
				SWIFT_COMPILATION_MODE = wholemodule;
				SWIFT_OPTIMIZATION_LEVEL = "-O";
				VALIDATE_PRODUCT = YES;
			};
			name = Release;
		};
		FEE58D78233E541F000775DC /* Debug */ = {
			isa = XCBuildConfiguration;
			buildSettings = {
				ASSETCATALOG_COMPILER_APPICON_NAME = AppIcon;
				CODE_SIGN_STYLE = Automatic;
				DEVELOPMENT_TEAM = S34YM3S85L;
				INFOPLIST_FILE = accelerometron/Info.plist;
				LD_RUNPATH_SEARCH_PATHS = (
					"$(inherited)",
					"@executable_path/Frameworks",
				);
				PRODUCT_BUNDLE_IDENTIFIER = cinderella.accelerometron;
				PRODUCT_NAME = "$(TARGET_NAME)";
				SWIFT_VERSION = 5.0;
				TARGETED_DEVICE_FAMILY = 1;
			};
			name = Debug;
		};
		FEE58D79233E541F000775DC /* Release */ = {
			isa = XCBuildConfiguration;
			buildSettings = {
				ASSETCATALOG_COMPILER_APPICON_NAME = AppIcon;
				CODE_SIGN_STYLE = Automatic;
				DEVELOPMENT_TEAM = S34YM3S85L;
				INFOPLIST_FILE = accelerometron/Info.plist;
				LD_RUNPATH_SEARCH_PATHS = (
					"$(inherited)",
					"@executable_path/Frameworks",
				);
				PRODUCT_BUNDLE_IDENTIFIER = cinderella.accelerometron;
				PRODUCT_NAME = "$(TARGET_NAME)";
				SWIFT_VERSION = 5.0;
				TARGETED_DEVICE_FAMILY = 1;
			};
			name = Release;
		};
/* End XCBuildConfiguration section */

/* Begin XCConfigurationList section */
		FEE58D5E233E541E000775DC /* Build configuration list for PBXProject "accelerometron" */ = {
			isa = XCConfigurationList;
			buildConfigurations = (
				FEE58D75233E541F000775DC /* Debug */,
				FEE58D76233E541F000775DC /* Release */,
			);
			defaultConfigurationIsVisible = 0;
			defaultConfigurationName = Release;
		};
		FEE58D77233E541F000775DC /* Build configuration list for PBXNativeTarget "accelerometron" */ = {
			isa = XCConfigurationList;
			buildConfigurations = (
				FEE58D78233E541F000775DC /* Debug */,
				FEE58D79233E541F000775DC /* Release */,
			);
			defaultConfigurationIsVisible = 0;
			defaultConfigurationName = Release;
		};
/* End XCConfigurationList section */
	};
	rootObject = FEE58D5B233E541E000775DC /* Project object */;
}
